
Microsoft Visual Studio Solution File, Format Version 12.00
# Visual Studio 14
VisualStudioVersion = 14.0.24720.0
MinimumVisualStudioVersion = 10.0.40219.1
Project("{FAE04EC0-301F-11D3-BF4B-00C04F79EFBC}") = "NACHAFileUtilities", "NACHAFileUtilities\NACHAFileUtilities.csproj", "{76C5992F-1FFB-49B3-B638-D0E30D789630}"
EndProject
Project("{FAE04EC0-301F-11D3-BF4B-00C04F79EFBC}") = "UnitTests", "UnitTests\UnitTests.csproj", "{B00096CF-34AB-4DCC-A230-44DA009A1406}"
EndProject
Global
	GlobalSection(SolutionConfigurationPlatforms) = preSolution
		Debug|Any CPU = Debug|Any CPU
		Release|Any CPU = Release|Any CPU
	EndGlobalSection
	GlobalSection(ProjectConfigurationPlatforms) = postSolution
		{76C5992F-1FFB-49B3-B638-D0E30D789630}.Debug|Any CPU.ActiveCfg = Debug|Any CPU
		{76C5992F-1FFB-49B3-B638-D0E30D789630}.Debug|Any CPU.Build.0 = Debug|Any CPU
		{76C5992F-1FFB-49B3-B638-D0E30D789630}.Release|Any CPU.ActiveCfg = Release|Any CPU
		{76C5992F-1FFB-49B3-B638-D0E30D789630}.Release|Any CPU.Build.0 = Release|Any CPU
		{B00096CF-34AB-4DCC-A230-44DA009A1406}.Debug|Any CPU.ActiveCfg = Debug|Any CPU
		{B00096CF-34AB-4DCC-A230-44DA009A1406}.Debug|Any CPU.Build.0 = Debug|Any CPU
		{B00096CF-34AB-4DCC-A230-44DA009A1406}.Release|Any CPU.ActiveCfg = Release|Any CPU
		{B00096CF-34AB-4DCC-A230-44DA009A1406}.Release|Any CPU.Build.0 = Release|Any CPU
	EndGlobalSection
	GlobalSection(SolutionProperties) = preSolution
		HideSolutionNode = FALSE
	EndGlobalSection
EndGlobal
